
Microsoft Visual Studio Solution File, Format Version 12.00
# Visual Studio Version 16
VisualStudioVersion = 25.0.1705.4
MinimumVisualStudioVersion = 10.0.40219.1
Project("{FAE04EC0-301F-11D3-BF4B-00C04F79EFBC}") = "Blazor101.Server", "Blazor101\Server\Blazor101.Server.csproj", "{670FD16D-A041-4EF9-88AE-6A38D0EF98F6}"
EndProject
Project("{FAE04EC0-301F-11D3-BF4B-00C04F79EFBC}") = "Blazor101.Client", "Blazor101\Client\Blazor101.Client.csproj", "{CE0D16F8-6CD1-47F7-86ED-A00CC777BABA}"
EndProject
Project("{FAE04EC0-301F-11D3-BF4B-00C04F79EFBC}") = "Blazor101.Shared", "Blazor101\Shared\Blazor101.Shared.csproj", "{8F840668-AA20-4F93-837D-972E0C86E6DF}"
EndProject
Global
	GlobalSection(SolutionConfigurationPlatforms) = preSolution
		Debug|Any CPU = Debug|Any CPU
		Release|Any CPU = Release|Any CPU
	EndGlobalSection
	GlobalSection(ProjectConfigurationPlatforms) = postSolution
		{670FD16D-A041-4EF9-88AE-6A38D0EF98F6}.Debug|Any CPU.ActiveCfg = Debug|Any CPU
		{670FD16D-A041-4EF9-88AE-6A38D0EF98F6}.Debug|Any CPU.Build.0 = Debug|Any CPU
		{670FD16D-A041-4EF9-88AE-6A38D0EF98F6}.Release|Any CPU.ActiveCfg = Release|Any CPU
		{670FD16D-A041-4EF9-88AE-6A38D0EF98F6}.Release|Any CPU.Build.0 = Release|Any CPU
		{CE0D16F8-6CD1-47F7-86ED-A00CC777BABA}.Debug|Any CPU.ActiveCfg = Debug|Any CPU
		{CE0D16F8-6CD1-47F7-86ED-A00CC777BABA}.Debug|Any CPU.Build.0 = Debug|Any CPU
		{CE0D16F8-6CD1-47F7-86ED-A00CC777BABA}.Release|Any CPU.ActiveCfg = Release|Any CPU
		{CE0D16F8-6CD1-47F7-86ED-A00CC777BABA}.Release|Any CPU.Build.0 = Release|Any CPU
		{8F840668-AA20-4F93-837D-972E0C86E6DF}.Debug|Any CPU.ActiveCfg = Debug|Any CPU
		{8F840668-AA20-4F93-837D-972E0C86E6DF}.Debug|Any CPU.Build.0 = Debug|Any CPU
		{8F840668-AA20-4F93-837D-972E0C86E6DF}.Release|Any CPU.ActiveCfg = Release|Any CPU
		{8F840668-AA20-4F93-837D-972E0C86E6DF}.Release|Any CPU.Build.0 = Release|Any CPU
	EndGlobalSection
	GlobalSection(SolutionProperties) = preSolution
		HideSolutionNode = FALSE
	EndGlobalSection
	GlobalSection(ExtensibilityGlobals) = postSolution
		SolutionGuid = {B514B6F4-FAD6-4204-A7C7-F3B2A7FD91C7}
	EndGlobalSection
EndGlobal
